
Microsoft Visual Studio Solution File, Format Version 12.00
# Visual Studio Version 16
VisualStudioVersion = 16.0.32929.386
MinimumVisualStudioVersion = 10.0.40219.1
Project("{FAE04EC0-301F-11D3-BF4B-00C04F79EFBC}") = "Logın_Screen", "Logın_Screen\Logın_Screen.csproj", "{E09962DD-526A-4C64-A171-C048FD46CA40}"
EndProject
Global
	GlobalSection(SolutionConfigurationPlatforms) = preSolution
		Debug|Any CPU = Debug|Any CPU
		Release|Any CPU = Release|Any CPU
	EndGlobalSection
	GlobalSection(ProjectConfigurationPlatforms) = postSolution
		{E09962DD-526A-4C64-A171-C048FD46CA40}.Debug|Any CPU.ActiveCfg = Debug|Any CPU
		{E09962DD-526A-4C64-A171-C048FD46CA40}.Debug|Any CPU.Build.0 = Debug|Any CPU
		{E09962DD-526A-4C64-A171-C048FD46CA40}.Release|Any CPU.ActiveCfg = Release|Any CPU
		{E09962DD-526A-4C64-A171-C048FD46CA40}.Release|Any CPU.Build.0 = Release|Any CPU
	EndGlobalSection
	GlobalSection(SolutionProperties) = preSolution
		HideSolutionNode = FALSE
	EndGlobalSection
	GlobalSection(ExtensibilityGlobals) = postSolution
		SolutionGuid = {06809A0C-43D7-4ACC-8E67-03142DD1BF25}
	EndGlobalSection
EndGlobal
